
Microsoft Visual Studio Solution File, Format Version 12.00
# Visual Studio 15
VisualStudioVersion = 15.0.26430.14
MinimumVisualStudioVersion = 10.0.40219.1
Project("{FAE04EC0-301F-11D3-BF4B-00C04F79EFBC}") = "Challenge 316 Sydney tourist shopping cart", "Challenge 316 Sydney tourist shopping cart\Challenge 316 Sydney tourist shopping cart.csproj", "{662F9162-5E3E-4821-AA73-B85C2FCAB09A}"
EndProject
Global
	GlobalSection(SolutionConfigurationPlatforms) = preSolution
		Debug|Any CPU = Debug|Any CPU
		Release|Any CPU = Release|Any CPU
	EndGlobalSection
	GlobalSection(ProjectConfigurationPlatforms) = postSolution
		{662F9162-5E3E-4821-AA73-B85C2FCAB09A}.Debug|Any CPU.ActiveCfg = Debug|Any CPU
		{662F9162-5E3E-4821-AA73-B85C2FCAB09A}.Debug|Any CPU.Build.0 = Debug|Any CPU
		{662F9162-5E3E-4821-AA73-B85C2FCAB09A}.Release|Any CPU.ActiveCfg = Release|Any CPU
		{662F9162-5E3E-4821-AA73-B85C2FCAB09A}.Release|Any CPU.Build.0 = Release|Any CPU
	EndGlobalSection
	GlobalSection(SolutionProperties) = preSolution
		HideSolutionNode = FALSE
	EndGlobalSection
EndGlobal
